
Microsoft Visual Studio Solution File, Format Version 12.00
# Visual Studio 14
VisualStudioVersion = 14.0.24720.0
MinimumVisualStudioVersion = 10.0.40219.1
Project("{FAE04EC0-301F-11D3-BF4B-00C04F79EFBC}") = "Research.MSMemoryCache", "Research.MSMemoryCache\Research.MSMemoryCache.csproj", "{F9E6CB6F-2BC7-47EC-83C8-E710C9BA8777}"
EndProject
Project("{FAE04EC0-301F-11D3-BF4B-00C04F79EFBC}") = "Research.OpenSource.CacheManager", "Research.OpenSource.CacheManager\Research.OpenSource.CacheManager.csproj", "{D5201BAD-7DFF-451D-827C-174E392E636F}"
EndProject
Global
	GlobalSection(SolutionConfigurationPlatforms) = preSolution
		Debug|Any CPU = Debug|Any CPU
		Release|Any CPU = Release|Any CPU
	EndGlobalSection
	GlobalSection(ProjectConfigurationPlatforms) = postSolution
		{F9E6CB6F-2BC7-47EC-83C8-E710C9BA8777}.Debug|Any CPU.ActiveCfg = Debug|Any CPU
		{F9E6CB6F-2BC7-47EC-83C8-E710C9BA8777}.Debug|Any CPU.Build.0 = Debug|Any CPU
		{F9E6CB6F-2BC7-47EC-83C8-E710C9BA8777}.Release|Any CPU.ActiveCfg = Release|Any CPU
		{F9E6CB6F-2BC7-47EC-83C8-E710C9BA8777}.Release|Any CPU.Build.0 = Release|Any CPU
		{D5201BAD-7DFF-451D-827C-174E392E636F}.Debug|Any CPU.ActiveCfg = Debug|Any CPU
		{D5201BAD-7DFF-451D-827C-174E392E636F}.Debug|Any CPU.Build.0 = Debug|Any CPU
		{D5201BAD-7DFF-451D-827C-174E392E636F}.Release|Any CPU.ActiveCfg = Release|Any CPU
		{D5201BAD-7DFF-451D-827C-174E392E636F}.Release|Any CPU.Build.0 = Release|Any CPU
	EndGlobalSection
	GlobalSection(SolutionProperties) = preSolution
		HideSolutionNode = FALSE
	EndGlobalSection
EndGlobal
